schema: '2.0'
stages:
  import-data:
    cmd: python ../import-ml.py ml-100k.zip
    deps:
    - path: ../import-ml.py
      hash: md5
      md5: 4af94250c13bdd7beff8235e442549c6
      size: 3732
    - path: ml-100k.zip
      hash: md5
      md5: 0e33842e24a9c977be4e0107933c0723
      size: 4924029
    outs:
    - path: ratings.duckdb
      hash: md5
      md5: 547f56bb2ade8993dd3a1098db3f7138
      size: 1323008
  import-ml-100k:
    cmd: python ../import-ml.py ml-100k.zip
    deps:
    - path: ../import-ml.py
      hash: md5
      md5: e4e7da8503eb71557becfc17dbf9dc48
      size: 3495
    - path: ml-100k.zip
      hash: md5
      md5: 0e33842e24a9c977be4e0107933c0723
      size: 4924029
    outs:
    - path: ratings.parquet
      hash: md5
      md5: 17acf184eb0bfe350d35f4c39fceb314
      size: 846024
  ml-100k-stats:
    cmd: python ../../scripts/duckdb-sql.py -d stats.duckdb ../ml-stats.sql
    deps:
    - path: ../ml-stats.sql
      hash: md5
      md5: bf09f212fabc98275ae949932889654c
      size: 1374
    - path: ratings.parquet
      hash: md5
      md5: 17acf184eb0bfe350d35f4c39fceb314
      size: 846024
    outs:
    - path: stats.duckdb
      hash: md5
      md5: 005070d0bc196fbcbfec774407d7b0a8
      size: 1323008
