schema: '2.0'
stages:
  import-ml-32m:
    cmd: python ../import-ml.py ml-32m.zip
    deps:
    - path: ../import-ml.py
      hash: md5
      md5: 30e3b5d3d15e7797637601877711c1ba
      size: 3648
    - path: ../ml-stats.sql
      hash: md5
      md5: b016dc983a2156e0712a846097a968e7
      size: 1307
    - path: ml-32m.zip
      hash: md5
      md5: d472be332d4daa821edc399621853b57
      size: 238950008
    outs:
    - path: ratings.duckdb
      hash: md5
      md5: bb6c15fab0f9f49d334babc97b3b3ef6
      size: 381693952
  import:
    cmd: lenskit-codex movielens import --stat-sql=../ml-stats.sql ml-32m.zip
    deps:
    - path: ../ml-stats.sql
      hash: md5
      md5: b016dc983a2156e0712a846097a968e7
      size: 1307
    - path: ml-32m.zip
      hash: md5
      md5: d472be332d4daa821edc399621853b57
      size: 238950008
    outs:
    - path: ratings.duckdb
      hash: md5
      md5: a81c61d4b9ee0568294bdec12ad5a7de
      size: 383004672
  split-random:
    cmd: lenskit-codex split random.toml
    deps:
    - path: ../ratings.duckdb
      hash: md5
      md5: a81c61d4b9ee0568294bdec12ad5a7de
      size: 383004672
    - path: random.toml
      hash: md5
      md5: 276ffa520abcf2243c9ffee115774a98
      size: 137
    params:
      ../../../config.toml:
        random.seed: 20240717
    outs:
    - path: random.duckdb
      hash: md5
      md5: 28811d3c9cca0f3d1606042b4b5321e9
      size: 5517312
  run-random-default-Popular:
    cmd: lenskit-codex generate --default --test-part=-0 --assignments=splits/random.duckdb
      --ratings=ratings.duckdb -o runs/random-default/Popular Popular
    deps:
    - path: ../../models/Popular.toml
      hash: md5
      md5: c25817c7ea3901786434261d27af0aad
      size: 35
    - path: ratings.duckdb
      hash: md5
      md5: a81c61d4b9ee0568294bdec12ad5a7de
      size: 383004672
    - path: splits/random.duckdb
      hash: md5
      md5: 28811d3c9cca0f3d1606042b4b5321e9
      size: 5517312
    outs:
    - path: runs/random-default/Popular
      hash: md5
      md5: 6f8af1a042f598fa9a195af1b6bdea5a.dir
      size: 12874047
      nfiles: 35
  collect-metrics:
    cmd: lenskit-codex collect metrics -S run-summary.csv -U run-user-metrics.parquet
      -L runs/manifest.csv
    deps:
    - path: runs/temporal-default/Bias
      hash: md5
      md5: 362ac6685003a138ecc50f674acfd13e.dir
      size: 638898
      nfiles: 3
    - path: runs/temporal-default/BiasedMF-ALS
      hash: md5
      md5: 8e2c4efd6015f31ea1242e10233c5f86.dir
      size: 590287
      nfiles: 3
    - path: runs/temporal-default/IKNN-Explicit
      hash: md5
      md5: b9e7870b45022f423801e07548e02bdd.dir
      size: 446665
      nfiles: 3
    - path: runs/temporal-default/IKNN-Implicit
      hash: md5
      md5: 142d2c89192bd58c0747026d306d0b8e.dir
      size: 344724
      nfiles: 3
    - path: runs/temporal-default/ImplicitMF-ALS
      hash: md5
      md5: 30b8e389cf2b0cf88e9c0f54946003e9.dir
      size: 360054
      nfiles: 3
    - path: runs/temporal-default/Popular
      hash: md5
      md5: 2befd04b474d14bca5c36bd41dc4eb31.dir
      size: 326302
      nfiles: 3
    - path: runs/temporal-grid-best/Bias
      hash: md5
      md5: 15d62dc184a29b960c0f2a5c2b7d40fd.dir
      size: 641147
      nfiles: 3
    - path: runs/temporal-grid-best/BiasedMF-ALS
      hash: md5
      md5: 1d41cbaf12fd72e0e3e52f3d8fd05a23.dir
      size: 591368
      nfiles: 3
    - path: runs/temporal-grid-best/IKNN-Explicit
      hash: md5
      md5: 5618781d3644aa5895fcee3587b316f2.dir
      size: 444105
      nfiles: 3
    - path: runs/temporal-grid-best/IKNN-Implicit
      hash: md5
      md5: b21b83f85ee90058e1eb5f296a45b4c5.dir
      size: 344167
      nfiles: 3
    - path: runs/temporal-grid-best/ImplicitMF-ALS
      hash: md5
      md5: 59dc841296c176f4de0fa29e9cbf7852.dir
      size: 348792
      nfiles: 3
    outs:
    - path: run-summary.csv
      hash: md5
      md5: 13b9d6a1567f589afcca878889a10c62
      size: 6653
    - path: run-user-metrics.parquet
      hash: md5
      md5: 81889f476cab12d645d268edfc427863
      size: 3644397
  run-temporal-valid-default-ImplicitMF-ALS:
    cmd: lenskit-codex generate --default --split=splits/temporal.toml --test-part=valid
      -o runs/temporal-valid-default/ImplicitMF-ALS ImplicitMF-ALS
    deps:
    - path: ../../models/ImplicitMF-ALS.toml
      hash: md5
      md5: e3b0120ab5820325128a9eb87d851e7f
      size: 151
    - path: ratings.duckdb
      hash: md5
      md5: a81c61d4b9ee0568294bdec12ad5a7de
      size: 383004672
    - path: splits/temporal.toml
      hash: md5
      md5: 094b7c6fba48b8b7f7188fb9e73e6354
      size: 128
    outs:
    - path: runs/temporal-valid-default/ImplicitMF-ALS
      hash: md5
      md5: 486b5407f4ba7e8422ce8bcb99458c0b.dir
      size: 5224097
      nfiles: 11
  run-temporal-valid-default-UKNN-Implicit:
    cmd: lenskit-codex generate --default --split=splits/temporal.toml --test-part=valid
      -o runs/temporal-valid-default/UKNN-Implicit UKNN-Implicit
    deps:
    - path: ../../models/UKNN-Implicit.toml
      hash: md5
      md5: a58a3e7ad35116cb737f895bab17c799
      size: 152
    - path: ratings.duckdb
      hash: md5
      md5: a81c61d4b9ee0568294bdec12ad5a7de
      size: 383004672
    - path: splits/temporal.toml
      hash: md5
      md5: fb7e01165c4c72af87a6a499697e4d33
      size: 116
    outs:
    - path: runs/temporal-valid-default/UKNN-Implicit
      hash: md5
      md5: 12cbe30aef1485aa66823cf28e793906.dir
      size: 5054679
      nfiles: 11
  run-temporal-default-IKNN-Explicit:
    cmd: lenskit-codex generate --default --ds-name=ML32M --split=splits/temporal.toml
      -o runs/temporal-default/IKNN-Explicit IKNN-Explicit
    deps:
    - path: ../../models/IKNN-Explicit.toml
      hash: md5
      md5: cb85c79c654c8e897015241c0f670c0d
      size: 169
    - path: ratings.duckdb
      hash: md5
      md5: a81c61d4b9ee0568294bdec12ad5a7de
      size: 383004672
    - path: splits/temporal.toml
      hash: md5
      md5: 094b7c6fba48b8b7f7188fb9e73e6354
      size: 128
    outs:
    - path: runs/temporal-default/IKNN-Explicit
      hash: md5
      md5: b9e7870b45022f423801e07548e02bdd.dir
      size: 446665
      nfiles: 3
  sweep-temporal-ImplicitMF-ALS:
    cmd: lenskit-codex sweep run --ds-name=ML32M --split=splits/temporal.toml --test-part=valid
      ImplicitMF-ALS sweeps/temporal/ImplicitMF-ALS
    deps:
    - path: ../../models/ImplicitMF-ALS.toml
      hash: md5
      md5: 1d621be010b6a13b8ef6ced024a6ba25
      size: 150
    - path: ratings.duckdb
      hash: md5
      md5: a81c61d4b9ee0568294bdec12ad5a7de
      size: 383004672
    - path: splits/temporal.toml
      hash: md5
      md5: 094b7c6fba48b8b7f7188fb9e73e6354
      size: 128
    params:
      ../../config.toml:
        random.seed: 20240717
    outs:
    - path: sweeps/temporal/ImplicitMF-ALS
      hash: md5
      md5: 4672be5dcaa5c0379599cfe3dceb3d75.dir
      size: 542661497
      nfiles: 5
  export-temporal-ImplicitMF-ALS:
    cmd: lenskit-codex sweep export -o sweeps/temporal/ImplicitMF-ALS.json sweeps/temporal/ImplicitMF-ALS
      RBP
    deps:
    - path: sweeps/temporal/ImplicitMF-ALS
      hash: md5
      md5: 4672be5dcaa5c0379599cfe3dceb3d75.dir
      size: 542661497
      nfiles: 5
    outs:
    - path: sweeps/temporal/ImplicitMF-ALS.json
      hash: md5
      md5: 43e072b9b0caf38772107e052e555a3c
      size: 216
  run-temporal-grid-best-ImplicitMF-ALS:
    cmd: lenskit-codex generate --param-file=sweeps/temporal/ImplicitMF-ALS.json --test-part=-0
      --ds-name=ML32M --split=splits/temporal.toml -o runs/temporal-grid-best/ImplicitMF-ALS
      ImplicitMF-ALS
    deps:
    - path: ../../models/ImplicitMF-ALS.toml
      hash: md5
      md5: e3b0120ab5820325128a9eb87d851e7f
      size: 151
    - path: ratings.duckdb
      hash: md5
      md5: a81c61d4b9ee0568294bdec12ad5a7de
      size: 383004672
    - path: splits/temporal.toml
      hash: md5
      md5: 094b7c6fba48b8b7f7188fb9e73e6354
      size: 128
    - path: sweeps/temporal/ImplicitMF-ALS.json
      hash: md5
      md5: 43e072b9b0caf38772107e052e555a3c
      size: 216
    outs:
    - path: runs/temporal-grid-best/ImplicitMF-ALS
      hash: md5
      md5: 59dc841296c176f4de0fa29e9cbf7852.dir
      size: 348792
      nfiles: 3
  sweep-temporal-Bias:
    cmd: lenskit-codex sweep run --ds-name=ML32M --split=splits/temporal.toml --test-part=valid
      Bias sweeps/temporal/Bias
    deps:
    - path: ../../models/Bias.toml
      hash: md5
      md5: 37b1bd31e5e7bc04c23e66270d23bad6
      size: 145
    - path: ratings.duckdb
      hash: md5
      md5: a81c61d4b9ee0568294bdec12ad5a7de
      size: 383004672
    - path: splits/temporal.toml
      hash: md5
      md5: 094b7c6fba48b8b7f7188fb9e73e6354
      size: 128
    params:
      ../../config.toml:
        random.seed: 20240717
    outs:
    - path: sweeps/temporal/Bias
      hash: md5
      md5: f50d21cba7acb229aa0d12a1f2809249.dir
      size: 232106846
      nfiles: 6
  run-temporal-default-UKNN-Implicit:
    cmd: lenskit-codex generate --default --split=splits/temporal.toml --test-part=test
      -o runs/temporal-default/UKNN-Implicit UKNN-Implicit
    deps:
    - path: ../../models/UKNN-Implicit.toml
      hash: md5
      md5: a58a3e7ad35116cb737f895bab17c799
      size: 152
    - path: ratings.duckdb
      hash: md5
      md5: a81c61d4b9ee0568294bdec12ad5a7de
      size: 383004672
    - path: splits/temporal.toml
      hash: md5
      md5: fb7e01165c4c72af87a6a499697e4d33
      size: 116
    outs:
    - path: runs/temporal-default/UKNN-Implicit
      hash: md5
      md5: 74dbda5969f5da518d09bf5d3f8c59c6.dir
      size: 5568810
      nfiles: 11
  sweep-temporal-IKNN-Implicit:
    cmd: lenskit-codex sweep run --ds-name=ML32M --split=splits/temporal.toml --test-part=valid
      IKNN-Implicit sweeps/temporal/IKNN-Implicit
    deps:
    - path: ../../models/IKNN-Implicit.toml
      hash: md5
      md5: a44edac6bd383657b0fe8c88d12b69cf
      size: 151
    - path: ratings.duckdb
      hash: md5
      md5: a81c61d4b9ee0568294bdec12ad5a7de
      size: 383004672
    - path: splits/temporal.toml
      hash: md5
      md5: 094b7c6fba48b8b7f7188fb9e73e6354
      size: 128
    params:
      ../../config.toml:
        random.seed: 20240717
    outs:
    - path: sweeps/temporal/IKNN-Implicit
      hash: md5
      md5: 9e080e24fa421a01c830923b9db5d00c.dir
      size: 210066945
      nfiles: 5
  export-temporal-IKNN-Implicit:
    cmd: lenskit-codex sweep export -o sweeps/temporal/IKNN-Implicit.json sweeps/temporal/IKNN-Implicit
      RBP
    deps:
    - path: sweeps/temporal/IKNN-Implicit
      hash: md5
      md5: 9e080e24fa421a01c830923b9db5d00c.dir
      size: 210066945
      nfiles: 5
    outs:
    - path: sweeps/temporal/IKNN-Implicit.json
      hash: md5
      md5: ed1f7b2b5f9688767e9055073836ece7
      size: 242
  sweep-temporal-UKNN-Implicit:
    cmd: lenskit-codex sweep run --ds-name=ML32M --split=splits/temporal.toml --test-part=valid
      UKNN-Implicit sweeps/temporal/UKNN-Implicit
    deps:
    - path: ../../models/UKNN-Implicit.toml
      hash: md5
      md5: a58a3e7ad35116cb737f895bab17c799
      size: 152
    - path: ratings.duckdb
      hash: md5
      md5: a81c61d4b9ee0568294bdec12ad5a7de
      size: 383004672
    - path: splits/temporal.toml
      hash: md5
      md5: fb7e01165c4c72af87a6a499697e4d33
      size: 116
    params:
      ../../config.toml:
        random.seed: 20240717
    outs:
    - path: sweeps/temporal/UKNN-Implicit
      hash: md5
      md5: 9f2c99c4ca4be47613fcecb62944c371.dir
      size: 272622098
      nfiles: 100
  export-temporal-UKNN-Implicit:
    cmd: lenskit-codex sweep export -o sweeps/temporal/UKNN-Implicit.json sweeps/temporal/UKNN-Implicit
      RBP
    deps:
    - path: sweeps/temporal/UKNN-Implicit
      hash: md5
      md5: 9f2c99c4ca4be47613fcecb62944c371.dir
      size: 272622098
      nfiles: 100
    outs:
    - path: sweeps/temporal/UKNN-Implicit.json
      hash: md5
      md5: a3fd74861333f70114665f2effd4527e
      size: 242
  run-temporal-grid-best-UKNN-Implicit:
    cmd: lenskit-codex generate --param-file=sweeps/temporal/UKNN-Implicit.json --split=splits/temporal.toml
      --test-part=-0 -o runs/temporal-grid-best/UKNN-Implicit UKNN-Implicit
    deps:
    - path: ../../models/UKNN-Implicit.toml
      hash: md5
      md5: a58a3e7ad35116cb737f895bab17c799
      size: 152
    - path: ratings.duckdb
      hash: md5
      md5: a81c61d4b9ee0568294bdec12ad5a7de
      size: 383004672
    - path: splits/temporal.toml
      hash: md5
      md5: fb7e01165c4c72af87a6a499697e4d33
      size: 116
    - path: sweeps/temporal/UKNN-Implicit.json
      hash: md5
      md5: a3fd74861333f70114665f2effd4527e
      size: 242
    outs:
    - path: runs/temporal-grid-best/UKNN-Implicit
      hash: md5
      md5: b9685b8ac0f3d734e10a67ea2ed26ead.dir
      size: 10882203
      nfiles: 19
  sweep-temporal-IKNN-Explicit:
    cmd: lenskit-codex sweep run --ds-name=ML32M --split=splits/temporal.toml --test-part=valid
      IKNN-Explicit sweeps/temporal/IKNN-Explicit
    deps:
    - path: ../../models/IKNN-Explicit.toml
      hash: md5
      md5: 3cea5881e1b685e8591834ba606d7b6c
      size: 168
    - path: ratings.duckdb
      hash: md5
      md5: a81c61d4b9ee0568294bdec12ad5a7de
      size: 383004672
    - path: splits/temporal.toml
      hash: md5
      md5: 094b7c6fba48b8b7f7188fb9e73e6354
      size: 128
    params:
      ../../config.toml:
        random.seed: 20240717
    outs:
    - path: sweeps/temporal/IKNN-Explicit
      hash: md5
      md5: 755d765ecc62a75e0f03a156a479a0dd.dir
      size: 255075621
      nfiles: 6
  export-temporal-IKNN-Explicit:
    cmd: lenskit-codex sweep export -o sweeps/temporal/IKNN-Explicit.json sweeps/temporal/IKNN-Explicit
      RMSE
    deps:
    - path: sweeps/temporal/IKNN-Explicit
      hash: md5
      md5: 755d765ecc62a75e0f03a156a479a0dd.dir
      size: 255075621
      nfiles: 6
    outs:
    - path: sweeps/temporal/IKNN-Explicit.json
      hash: md5
      md5: 0925f16fa7c02b8fe7379d1bc5636e2a
      size: 292
  run-temporal-valid-default-Bias:
    cmd: lenskit-codex generate --default --split=splits/temporal.toml --test-part=valid
      -o runs/temporal-valid-default/Bias Bias
    deps:
    - path: ../../models/Bias.toml
      hash: md5
      md5: 97f305e8c04fb52cff715d59711b5eed
      size: 146
    - path: ratings.duckdb
      hash: md5
      md5: a81c61d4b9ee0568294bdec12ad5a7de
      size: 383004672
    - path: splits/temporal.toml
      hash: md5
      md5: 094b7c6fba48b8b7f7188fb9e73e6354
      size: 128
    outs:
    - path: runs/temporal-valid-default/Bias
      hash: md5
      md5: 6dfd82a213f5533db49a1f6e1d7b70c6.dir
      size: 9469886
      nfiles: 19
  run-temporal-default-BiasedMF-ALS:
    cmd: lenskit-codex generate --default --ds-name=ML32M --split=splits/temporal.toml
      -o runs/temporal-default/BiasedMF-ALS BiasedMF-ALS
    deps:
    - path: ../../models/BiasedMF-ALS.toml
      hash: md5
      md5: d6a4dc846449f893683a847940f9c176
      size: 166
    - path: ratings.duckdb
      hash: md5
      md5: a81c61d4b9ee0568294bdec12ad5a7de
      size: 383004672
    - path: splits/temporal.toml
      hash: md5
      md5: 094b7c6fba48b8b7f7188fb9e73e6354
      size: 128
    outs:
    - path: runs/temporal-default/BiasedMF-ALS
      hash: md5
      md5: 8e2c4efd6015f31ea1242e10233c5f86.dir
      size: 590287
      nfiles: 3
  run-temporal-valid-default-BiasedMF-ALS:
    cmd: lenskit-codex generate --default --split=splits/temporal.toml --test-part=valid
      -o runs/temporal-valid-default/BiasedMF-ALS BiasedMF-ALS
    deps:
    - path: ../../models/BiasedMF-ALS.toml
      hash: md5
      md5: d6a4dc846449f893683a847940f9c176
      size: 166
    - path: ratings.duckdb
      hash: md5
      md5: a81c61d4b9ee0568294bdec12ad5a7de
      size: 383004672
    - path: splits/temporal.toml
      hash: md5
      md5: 094b7c6fba48b8b7f7188fb9e73e6354
      size: 128
    outs:
    - path: runs/temporal-valid-default/BiasedMF-ALS
      hash: md5
      md5: d4723b6558df8531003986516ecb5eba.dir
      size: 10221078
      nfiles: 19
  run-temporal-grid-best-IKNN-Explicit:
    cmd: lenskit-codex generate --param-file=sweeps/temporal/IKNN-Explicit.json --test-part=-0
      --ds-name=ML32M --split=splits/temporal.toml -o runs/temporal-grid-best/IKNN-Explicit
      IKNN-Explicit
    deps:
    - path: ../../models/IKNN-Explicit.toml
      hash: md5
      md5: cb85c79c654c8e897015241c0f670c0d
      size: 169
    - path: ratings.duckdb
      hash: md5
      md5: a81c61d4b9ee0568294bdec12ad5a7de
      size: 383004672
    - path: splits/temporal.toml
      hash: md5
      md5: 094b7c6fba48b8b7f7188fb9e73e6354
      size: 128
    - path: sweeps/temporal/IKNN-Explicit.json
      hash: md5
      md5: 0925f16fa7c02b8fe7379d1bc5636e2a
      size: 292
    outs:
    - path: runs/temporal-grid-best/IKNN-Explicit
      hash: md5
      md5: 5618781d3644aa5895fcee3587b316f2.dir
      size: 444105
      nfiles: 3
  sweep-temporal-BiasedMF-ALS:
    cmd: lenskit-codex sweep run --ds-name=ML32M --split=splits/temporal.toml --test-part=valid
      BiasedMF-ALS sweeps/temporal/BiasedMF-ALS
    deps:
    - path: ../../models/BiasedMF-ALS.toml
      hash: md5
      md5: e6cb9274cf0c63db90cbf272212932da
      size: 165
    - path: ratings.duckdb
      hash: md5
      md5: a81c61d4b9ee0568294bdec12ad5a7de
      size: 383004672
    - path: splits/temporal.toml
      hash: md5
      md5: 094b7c6fba48b8b7f7188fb9e73e6354
      size: 128
    params:
      ../../config.toml:
        random.seed: 20240717
    outs:
    - path: sweeps/temporal/BiasedMF-ALS
      hash: md5
      md5: d71f00fe301cbb7de9f23680b163c711.dir
      size: 602627137
      nfiles: 6
  export-temporal-BiasedMF-ALS:
    cmd: lenskit-codex sweep export -o sweeps/temporal/BiasedMF-ALS.json sweeps/temporal/BiasedMF-ALS
      RMSE
    deps:
    - path: sweeps/temporal/BiasedMF-ALS
      hash: md5
      md5: d71f00fe301cbb7de9f23680b163c711.dir
      size: 602627137
      nfiles: 6
    outs:
    - path: sweeps/temporal/BiasedMF-ALS.json
      hash: md5
      md5: 4390a591c45274a95a64f8fc61c70b0d
      size: 271
  run-temporal-grid-best-BiasedMF-ALS:
    cmd: lenskit-codex generate --param-file=sweeps/temporal/BiasedMF-ALS.json --test-part=-0
      --ds-name=ML32M --split=splits/temporal.toml -o runs/temporal-grid-best/BiasedMF-ALS
      BiasedMF-ALS
    deps:
    - path: ../../models/BiasedMF-ALS.toml
      hash: md5
      md5: d6a4dc846449f893683a847940f9c176
      size: 166
    - path: ratings.duckdb
      hash: md5
      md5: a81c61d4b9ee0568294bdec12ad5a7de
      size: 383004672
    - path: splits/temporal.toml
      hash: md5
      md5: 094b7c6fba48b8b7f7188fb9e73e6354
      size: 128
    - path: sweeps/temporal/BiasedMF-ALS.json
      hash: md5
      md5: 4390a591c45274a95a64f8fc61c70b0d
      size: 271
    outs:
    - path: runs/temporal-grid-best/BiasedMF-ALS
      hash: md5
      md5: 1d41cbaf12fd72e0e3e52f3d8fd05a23.dir
      size: 591368
      nfiles: 3
  run-temporal-valid-default-IKNN-Explicit:
    cmd: lenskit-codex generate --default --split=splits/temporal.toml --test-part=valid
      -o runs/temporal-valid-default/IKNN-Explicit IKNN-Explicit
    deps:
    - path: ../../models/IKNN-Explicit.toml
      hash: md5
      md5: cb85c79c654c8e897015241c0f670c0d
      size: 169
    - path: ratings.duckdb
      hash: md5
      md5: a81c61d4b9ee0568294bdec12ad5a7de
      size: 383004672
    - path: splits/temporal.toml
      hash: md5
      md5: 094b7c6fba48b8b7f7188fb9e73e6354
      size: 128
    outs:
    - path: runs/temporal-valid-default/IKNN-Explicit
      hash: md5
      md5: 7f1300ea4580cd9c558eba2cc532be15.dir
      size: 10095819
      nfiles: 19
  run-temporal-default-Bias:
    cmd: lenskit-codex generate --default --ds-name=ML32M --split=splits/temporal.toml
      -o runs/temporal-default/Bias Bias
    deps:
    - path: ../../models/Bias.toml
      hash: md5
      md5: 97f305e8c04fb52cff715d59711b5eed
      size: 146
    - path: ratings.duckdb
      hash: md5
      md5: a81c61d4b9ee0568294bdec12ad5a7de
      size: 383004672
    - path: splits/temporal.toml
      hash: md5
      md5: 094b7c6fba48b8b7f7188fb9e73e6354
      size: 128
    outs:
    - path: runs/temporal-default/Bias
      hash: md5
      md5: 362ac6685003a138ecc50f674acfd13e.dir
      size: 638898
      nfiles: 3
  run-temporal-grid-best-IKNN-Implicit:
    cmd: lenskit-codex generate --param-file=sweeps/temporal/IKNN-Implicit.json --test-part=-0
      --ds-name=ML32M --split=splits/temporal.toml -o runs/temporal-grid-best/IKNN-Implicit
      IKNN-Implicit
    deps:
    - path: ../../models/IKNN-Implicit.toml
      hash: md5
      md5: 2bfec2d4beb12854e5e7d632f0fd6396
      size: 152
    - path: ratings.duckdb
      hash: md5
      md5: a81c61d4b9ee0568294bdec12ad5a7de
      size: 383004672
    - path: splits/temporal.toml
      hash: md5
      md5: 094b7c6fba48b8b7f7188fb9e73e6354
      size: 128
    - path: sweeps/temporal/IKNN-Implicit.json
      hash: md5
      md5: ed1f7b2b5f9688767e9055073836ece7
      size: 242
    outs:
    - path: runs/temporal-grid-best/IKNN-Implicit
      hash: md5
      md5: b21b83f85ee90058e1eb5f296a45b4c5.dir
      size: 344167
      nfiles: 3
  run-temporal-default-Popular:
    cmd: lenskit-codex generate --default --ds-name=ML32M --split=splits/temporal.toml
      -o runs/temporal-default/Popular Popular
    deps:
    - path: ../../models/Popular.toml
      hash: md5
      md5: c25817c7ea3901786434261d27af0aad
      size: 35
    - path: ratings.duckdb
      hash: md5
      md5: a81c61d4b9ee0568294bdec12ad5a7de
      size: 383004672
    - path: splits/temporal.toml
      hash: md5
      md5: 094b7c6fba48b8b7f7188fb9e73e6354
      size: 128
    outs:
    - path: runs/temporal-default/Popular
      hash: md5
      md5: 2befd04b474d14bca5c36bd41dc4eb31.dir
      size: 326302
      nfiles: 3
  run-temporal-default-ImplicitMF-ALS:
    cmd: lenskit-codex generate --default --ds-name=ML32M --split=splits/temporal.toml
      -o runs/temporal-default/ImplicitMF-ALS ImplicitMF-ALS
    deps:
    - path: ../../models/ImplicitMF-ALS.toml
      hash: md5
      md5: e3b0120ab5820325128a9eb87d851e7f
      size: 151
    - path: ratings.duckdb
      hash: md5
      md5: a81c61d4b9ee0568294bdec12ad5a7de
      size: 383004672
    - path: splits/temporal.toml
      hash: md5
      md5: 094b7c6fba48b8b7f7188fb9e73e6354
      size: 128
    outs:
    - path: runs/temporal-default/ImplicitMF-ALS
      hash: md5
      md5: 30b8e389cf2b0cf88e9c0f54946003e9.dir
      size: 360054
      nfiles: 3
  export-temporal-Bias:
    cmd: lenskit-codex sweep export -o sweeps/temporal/Bias.json sweeps/temporal/Bias
      RMSE
    deps:
    - path: sweeps/temporal/Bias
      hash: md5
      md5: f50d21cba7acb229aa0d12a1f2809249.dir
      size: 232106846
      nfiles: 6
    outs:
    - path: sweeps/temporal/Bias.json
      hash: md5
      md5: d8deef2ad6bfed40eee1f6202d1d809f
      size: 282
  run-temporal-grid-best-Bias:
    cmd: lenskit-codex generate --param-file=sweeps/temporal/Bias.json --test-part=-0
      --ds-name=ML32M --split=splits/temporal.toml -o runs/temporal-grid-best/Bias
      Bias
    deps:
    - path: ../../models/Bias.toml
      hash: md5
      md5: 97f305e8c04fb52cff715d59711b5eed
      size: 146
    - path: ratings.duckdb
      hash: md5
      md5: a81c61d4b9ee0568294bdec12ad5a7de
      size: 383004672
    - path: splits/temporal.toml
      hash: md5
      md5: 094b7c6fba48b8b7f7188fb9e73e6354
      size: 128
    - path: sweeps/temporal/Bias.json
      hash: md5
      md5: d8deef2ad6bfed40eee1f6202d1d809f
      size: 282
    outs:
    - path: runs/temporal-grid-best/Bias
      hash: md5
      md5: 15d62dc184a29b960c0f2a5c2b7d40fd.dir
      size: 641147
      nfiles: 3
  run-temporal-valid-default-IKNN-Implicit:
    cmd: lenskit-codex generate --default --split=splits/temporal.toml --test-part=valid
      -o runs/temporal-valid-default/IKNN-Implicit IKNN-Implicit
    deps:
    - path: ../../models/IKNN-Implicit.toml
      hash: md5
      md5: 2bfec2d4beb12854e5e7d632f0fd6396
      size: 152
    - path: ratings.duckdb
      hash: md5
      md5: a81c61d4b9ee0568294bdec12ad5a7de
      size: 383004672
    - path: splits/temporal.toml
      hash: md5
      md5: 094b7c6fba48b8b7f7188fb9e73e6354
      size: 128
    outs:
    - path: runs/temporal-valid-default/IKNN-Implicit
      hash: md5
      md5: ed0ee2950645c8be149e46ca46326c2a.dir
      size: 4929299
      nfiles: 11
  run-temporal-default-IKNN-Implicit:
    cmd: lenskit-codex generate --default --ds-name=ML32M --split=splits/temporal.toml
      -o runs/temporal-default/IKNN-Implicit IKNN-Implicit
    deps:
    - path: ../../models/IKNN-Implicit.toml
      hash: md5
      md5: 2bfec2d4beb12854e5e7d632f0fd6396
      size: 152
    - path: ratings.duckdb
      hash: md5
      md5: a81c61d4b9ee0568294bdec12ad5a7de
      size: 383004672
    - path: splits/temporal.toml
      hash: md5
      md5: 094b7c6fba48b8b7f7188fb9e73e6354
      size: 128
    outs:
    - path: runs/temporal-default/IKNN-Implicit
      hash: md5
      md5: 142d2c89192bd58c0747026d306d0b8e.dir
      size: 344724
      nfiles: 3
  run-temporal-valid-default-Popular:
    cmd: lenskit-codex generate --default --split=splits/temporal.toml --test-part=valid
      -o runs/temporal-valid-default/Popular Popular
    deps:
    - path: ../../models/Popular.toml
      hash: md5
      md5: c25817c7ea3901786434261d27af0aad
      size: 35
    - path: ratings.duckdb
      hash: md5
      md5: a81c61d4b9ee0568294bdec12ad5a7de
      size: 383004672
    - path: splits/temporal.toml
      hash: md5
      md5: 094b7c6fba48b8b7f7188fb9e73e6354
      size: 128
    outs:
    - path: runs/temporal-valid-default/Popular
      hash: md5
      md5: 9f04fd996cff44db8200a99683d48ee7.dir
      size: 948770
      nfiles: 11
