# @generated - this file is auto-generated by `mise lock` https://mise.en.dev/dev-tools/mise-lock.html

[[tools.cue]]
version = "0.16.1"
backend = "aqua:cue-lang/cue"

[tools.cue."platforms.linux-arm64"]
checksum = "sha256:3cc715a9e969f87b93c4fa34cfaef5388b93e96efa20b248e8ad6826abd25a83"
url = "https://github.com/cue-lang/cue/releases/download/v0.16.1/cue_v0.16.1_linux_arm64.tar.gz"

[tools.cue."platforms.linux-arm64-musl"]
checksum = "sha256:3cc715a9e969f87b93c4fa34cfaef5388b93e96efa20b248e8ad6826abd25a83"
url = "https://github.com/cue-lang/cue/releases/download/v0.16.1/cue_v0.16.1_linux_arm64.tar.gz"

[tools.cue."platforms.linux-x64"]
checksum = "sha256:5d644c1305a2b86504c8dcd2ec829cf5b4999efc2cf51ee375624e0455f774ae"
url = "https://github.com/cue-lang/cue/releases/download/v0.16.1/cue_v0.16.1_linux_amd64.tar.gz"

[tools.cue."platforms.linux-x64-musl"]
checksum = "sha256:5d644c1305a2b86504c8dcd2ec829cf5b4999efc2cf51ee375624e0455f774ae"
url = "https://github.com/cue-lang/cue/releases/download/v0.16.1/cue_v0.16.1_linux_amd64.tar.gz"

[tools.cue."platforms.macos-arm64"]
checksum = "sha256:a72b0cddb377c52d1b003bed9a335d893b70cd75a182cd5e3fee8bae30ddb6d6"
url = "https://github.com/cue-lang/cue/releases/download/v0.16.1/cue_v0.16.1_darwin_arm64.tar.gz"

[tools.cue."platforms.macos-x64"]
checksum = "sha256:97b0d78e4c5ee49ff72145fd6ef4f4bab0bb332d55f29660de3fec2af5ec96a9"
url = "https://github.com/cue-lang/cue/releases/download/v0.16.1/cue_v0.16.1_darwin_amd64.tar.gz"

[tools.cue."platforms.windows-x64"]
checksum = "sha256:2f24123f458229fcf283db534bd86692ad1074da806defee0f0cc62976c0397c"
url = "https://github.com/cue-lang/cue/releases/download/v0.16.1/cue_v0.16.1_windows_amd64.zip"

[[tools.dprint]]
version = "0.54.0"
backend = "aqua:dprint/dprint"

[tools.dprint."platforms.linux-arm64"]
checksum = "sha256:9a66b5931ca30402a3dd2933c432c6b6316eedd08037ab0aeb8d24cd17b2a301"
url = "https://github.com/dprint/dprint/releases/download/0.54.0/dprint-aarch64-unknown-linux-musl.zip"

[tools.dprint."platforms.linux-arm64-musl"]
checksum = "sha256:9a66b5931ca30402a3dd2933c432c6b6316eedd08037ab0aeb8d24cd17b2a301"
url = "https://github.com/dprint/dprint/releases/download/0.54.0/dprint-aarch64-unknown-linux-musl.zip"

[tools.dprint."platforms.linux-x64"]
checksum = "sha256:859ae94e596105201faa59a3fb4bedc8316e226e3e154ae410f9373461e1e41c"
url = "https://github.com/dprint/dprint/releases/download/0.54.0/dprint-x86_64-unknown-linux-musl.zip"

[tools.dprint."platforms.linux-x64-musl"]
checksum = "sha256:859ae94e596105201faa59a3fb4bedc8316e226e3e154ae410f9373461e1e41c"
url = "https://github.com/dprint/dprint/releases/download/0.54.0/dprint-x86_64-unknown-linux-musl.zip"

[tools.dprint."platforms.macos-arm64"]
checksum = "sha256:1d6a8fb14d66cba0f049738edd4ab3b1afc1de6d936cd32e483e33284cfd1ade"
url = "https://github.com/dprint/dprint/releases/download/0.54.0/dprint-aarch64-apple-darwin.zip"

[tools.dprint."platforms.macos-x64"]
checksum = "sha256:fdbffa16cf0890ca30e958ffdabe7748e733867651a438ede1501f0e1a7b5e91"
url = "https://github.com/dprint/dprint/releases/download/0.54.0/dprint-x86_64-apple-darwin.zip"

[tools.dprint."platforms.windows-x64"]
checksum = "sha256:3fd881acaf7fd4fbc5d07c3030ce79b965a4cb7128fe0eb1ebe725188ccd2715"
url = "https://github.com/dprint/dprint/releases/download/0.54.0/dprint-x86_64-pc-windows-msvc.zip"

[[tools.go-jsonnet]]
version = "0.22.0"
backend = "aqua:google/go-jsonnet"

[tools.go-jsonnet."platforms.linux-arm64"]
checksum = "sha256:3016b049254cb92548ba99304b6f44ec3795e6173f908e3ce3c5add57243fe20"
url = "https://github.com/google/go-jsonnet/releases/download/v0.22.0/go-jsonnet_0.22.0_linux_arm64.tar.gz"

[tools.go-jsonnet."platforms.linux-arm64-musl"]
checksum = "sha256:3016b049254cb92548ba99304b6f44ec3795e6173f908e3ce3c5add57243fe20"
url = "https://github.com/google/go-jsonnet/releases/download/v0.22.0/go-jsonnet_0.22.0_linux_arm64.tar.gz"

[tools.go-jsonnet."platforms.linux-x64"]
checksum = "sha256:e87a93ea44e34da92c15636205c7f2240bf3ac92d00ccb855dbb4e7e03ea6941"
url = "https://github.com/google/go-jsonnet/releases/download/v0.22.0/go-jsonnet_0.22.0_linux_amd64.tar.gz"

[tools.go-jsonnet."platforms.linux-x64-musl"]
checksum = "sha256:e87a93ea44e34da92c15636205c7f2240bf3ac92d00ccb855dbb4e7e03ea6941"
url = "https://github.com/google/go-jsonnet/releases/download/v0.22.0/go-jsonnet_0.22.0_linux_amd64.tar.gz"

[tools.go-jsonnet."platforms.macos-arm64"]
checksum = "sha256:112534191b6e27f2ae01bb80c6ab82950fb7bf5772e2e81c5472f59a069700f5"
url = "https://github.com/google/go-jsonnet/releases/download/v0.22.0/go-jsonnet_0.22.0_darwin_arm64.tar.gz"

[tools.go-jsonnet."platforms.macos-x64"]
checksum = "sha256:2ada40ece13e8b4e1f37c06315783110c84b496963b0b8b90809daf69df7dfc9"
url = "https://github.com/google/go-jsonnet/releases/download/v0.22.0/go-jsonnet_0.22.0_darwin_amd64.tar.gz"

[tools.go-jsonnet."platforms.windows-x64"]
checksum = "sha256:277b83ddbe836a627dcde0655720aa42b02277fdf3a9cdaebeef2a53e98599b1"
url = "https://github.com/google/go-jsonnet/releases/download/v0.22.0/go-jsonnet_0.22.0_windows_amd64.tar.gz"

[[tools.node]]
version = "24.16.0"
backend = "core:node"

[tools.node."platforms.linux-arm64"]
checksum = "sha256:589f5b6dd4fcfee4dfda73013903c966abaa8abd93dbc9d436544e472b4f0e74"
url = "https://nodejs.org/dist/v24.16.0/node-v24.16.0-linux-arm64.tar.gz"

[tools.node."platforms.linux-arm64-musl"]
checksum = "sha256:85dde27aa73503b03dadfa0410a800067b4e3f702fb7fcaa3beaf284dfcc69e9"
url = "https://unofficial-builds.nodejs.org/download/release/v24.16.0/node-v24.16.0-linux-arm64-musl.tar.gz"

[tools.node."platforms.linux-x64"]
checksum = "sha256:2faf6a387e9b62b888e21c54f01249fb27537ffecf1842f29f4c919d0a59a0ff"
url = "https://nodejs.org/dist/v24.16.0/node-v24.16.0-linux-x64.tar.gz"

[tools.node."platforms.linux-x64-musl"]
checksum = "sha256:50df5d8d474892d4f7b906167df36f77f5b93908f63dc532dc568219cab65841"
url = "https://unofficial-builds.nodejs.org/download/release/v24.16.0/node-v24.16.0-linux-x64-musl.tar.gz"

[tools.node."platforms.macos-arm64"]
checksum = "sha256:39189dab4eeb15706c424af0ac08a3044c9e48f7db12a7d77f6b7aafc7dd5df6"
url = "https://nodejs.org/dist/v24.16.0/node-v24.16.0-darwin-arm64.tar.gz"

[tools.node."platforms.macos-x64"]
checksum = "sha256:298b4c7b3cb80765c8703e42b90324a4ece3b6634947b89e769c3c980ab55185"
url = "https://nodejs.org/dist/v24.16.0/node-v24.16.0-darwin-x64.tar.gz"

[tools.node."platforms.windows-x64"]
checksum = "sha256:edaca9bd58ec8e92037dac4e877d52f6b8f430b81c18b57e264b4e2fb111cd56"
url = "https://nodejs.org/dist/v24.16.0/node-v24.16.0-win-x64.zip"

[[tools."npm:netlify-cli"]]
version = "26.1.0"
backend = "npm:netlify-cli"

[[tools.ruff]]
version = "0.15.17"
backend = "aqua:astral-sh/ruff"

[tools.ruff."platforms.linux-arm64"]
checksum = "sha256:211d610dd81ef472d3b1404b28eaa19a62cb41ab9374584847307b97821a4ab8"
url = "https://github.com/astral-sh/ruff/releases/download/0.15.17/ruff-aarch64-unknown-linux-musl.tar.gz"
provenance = "github-attestations"

[tools.ruff."platforms.linux-arm64-musl"]
checksum = "sha256:211d610dd81ef472d3b1404b28eaa19a62cb41ab9374584847307b97821a4ab8"
url = "https://github.com/astral-sh/ruff/releases/download/0.15.17/ruff-aarch64-unknown-linux-musl.tar.gz"
provenance = "github-attestations"

[tools.ruff."platforms.linux-x64"]
checksum = "sha256:cbf85fc152b7fc25cb27f0233b325e9c72cb26965152050164e7608b72515189"
url = "https://github.com/astral-sh/ruff/releases/download/0.15.17/ruff-x86_64-unknown-linux-musl.tar.gz"
provenance = "github-attestations"

[tools.ruff."platforms.linux-x64-musl"]
checksum = "sha256:cbf85fc152b7fc25cb27f0233b325e9c72cb26965152050164e7608b72515189"
url = "https://github.com/astral-sh/ruff/releases/download/0.15.17/ruff-x86_64-unknown-linux-musl.tar.gz"
provenance = "github-attestations"

[tools.ruff."platforms.macos-arm64"]
checksum = "sha256:81f372886fb7a0056949356c615fa689a091cf79b0b54ed914c810cdbc6d85e9"
url = "https://github.com/astral-sh/ruff/releases/download/0.15.17/ruff-aarch64-apple-darwin.tar.gz"
provenance = "github-attestations"

[tools.ruff."platforms.macos-x64"]
checksum = "sha256:5522e517bd67ee8c2cb0d6a8298388d8edc8621a0bc5dc773f65e06c953693f6"
url = "https://github.com/astral-sh/ruff/releases/download/0.15.17/ruff-x86_64-apple-darwin.tar.gz"
provenance = "github-attestations"

[tools.ruff."platforms.windows-x64"]
checksum = "sha256:08b6cb2bd20f3d19e3cf6e768d8d8105c8337de1c52e90c7dc1deea483d68c86"
url = "https://github.com/astral-sh/ruff/releases/download/0.15.17/ruff-x86_64-pc-windows-msvc.zip"
provenance = "github-attestations"

[[tools.usage]]
version = "3.5.2"
backend = "aqua:jdx/usage"

[[tools.uv]]
version = "0.11.21"
backend = "aqua:astral-sh/uv"

[tools.uv."platforms.linux-arm64"]
checksum = "sha256:e71badaed2a2c3a404a0a00974b51c7ed5f5bc7be947916846005b739c68a5a2"
url = "https://github.com/astral-sh/uv/releases/download/0.11.21/uv-aarch64-unknown-linux-musl.tar.gz"
provenance = "github-attestations"

[tools.uv."platforms.linux-arm64-musl"]
checksum = "sha256:e71badaed2a2c3a404a0a00974b51c7ed5f5bc7be947916846005b739c68a5a2"
url = "https://github.com/astral-sh/uv/releases/download/0.11.21/uv-aarch64-unknown-linux-musl.tar.gz"
provenance = "github-attestations"

[tools.uv."platforms.linux-x64"]
checksum = "sha256:9dadff5b9e7b1d2d011e41852a1cbca713d9d5d88194f2eb6bd240fa4fb0a719"
url = "https://github.com/astral-sh/uv/releases/download/0.11.21/uv-x86_64-unknown-linux-musl.tar.gz"
provenance = "github-attestations"

[tools.uv."platforms.linux-x64-musl"]
checksum = "sha256:9dadff5b9e7b1d2d011e41852a1cbca713d9d5d88194f2eb6bd240fa4fb0a719"
url = "https://github.com/astral-sh/uv/releases/download/0.11.21/uv-x86_64-unknown-linux-musl.tar.gz"
provenance = "github-attestations"

[tools.uv."platforms.macos-arm64"]
checksum = "sha256:1f921d491ba5ffeea774eb04d6681ecee379101341cbb1500394993b541bf3f4"
url = "https://github.com/astral-sh/uv/releases/download/0.11.21/uv-aarch64-apple-darwin.tar.gz"
provenance = "github-attestations"

[tools.uv."platforms.macos-x64"]
checksum = "sha256:f3c8e5708a84b920c18b691214d54d2b0da6b984789caae95d47c95120cb7765"
url = "https://github.com/astral-sh/uv/releases/download/0.11.21/uv-x86_64-apple-darwin.tar.gz"
provenance = "github-attestations"

[tools.uv."platforms.windows-x64"]
checksum = "sha256:ace861f360c6de2babedc1607d0f454b6b09a820dbc8182dc15af927e4df9589"
url = "https://github.com/astral-sh/uv/releases/download/0.11.21/uv-x86_64-pc-windows-msvc.zip"
provenance = "github-attestations"
