schema: '2.0'
stages:
  import-data:
    cmd: python ../import-ml.py ml-10m.zip
    deps:
    - path: ../import-ml.py
      hash: md5
      md5: 4af94250c13bdd7beff8235e442549c6
      size: 3732
    - path: ml-10m.zip
      hash: md5
      md5: ce571fd55effeba0271552578f2648bd
      size: 65566137
    outs:
    - path: ratings.duckdb
      hash: md5
      md5: bb2d6543a308997e7c27c971dc13aafe
      size: 95432704
  import-ml-10m:
    cmd: python ../import-ml.py ml-10m.zip
    deps:
    - path: ../import-ml.py
      hash: md5
      md5: 17eab99bc3d188e994957ca85edee252
      size: 3975
    - path: ../ml-schema.sql
      hash: md5
      md5: 114f059c4b992a68fe1754812d403417
      size: 1450
    - path: ml-10m.zip
      hash: md5
      md5: ce571fd55effeba0271552578f2648bd
      size: 65566137
    outs:
    - path: ratings.duckdb
      hash: md5
      md5: 8ccb23e8d2e7f1765094c19e1c38ddc8
      size: 95956992
    - path: ratings.parquet
      hash: md5
      md5: 0854162a108211f4af074b65a8e8ddaa
      size: 78007629
