schema: '2.0'
stages:
  import-data:
    cmd: python ../import-ml.py ml-10m.zip
    deps:
    - path: ../import-ml.py
      hash: md5
      md5: 4af94250c13bdd7beff8235e442549c6
      size: 3732
    - path: ml-10m.zip
      hash: md5
      md5: ce571fd55effeba0271552578f2648bd
      size: 65566137
    outs:
    - path: ratings.duckdb
      hash: md5
      md5: bb2d6543a308997e7c27c971dc13aafe
      size: 95432704
  import-ml-10m:
    cmd: python ../import-ml.py ml-10m.zip
    deps:
    - path: ../import-ml.py
      hash: md5
      md5: 30e3b5d3d15e7797637601877711c1ba
      size: 3648
    - path: ../ml-stats.sql
      hash: md5
      md5: b016dc983a2156e0712a846097a968e7
      size: 1307
    - path: ml-10m.zip
      hash: md5
      md5: ce571fd55effeba0271552578f2648bd
      size: 65566137
    outs:
    - path: ratings.duckdb
      hash: md5
      md5: 1a8b11ed426f9ff718074d7ce44e3dcd
      size: 120598528
  ml-10m-stats:
    cmd: python ../../scripts/duckdb-sql.py -d stats.duckdb ../ml-stats.sql
    deps:
    - path: ../ml-stats.sql
      hash: md5
      md5: bf09f212fabc98275ae949932889654c
      size: 1374
    - path: ratings.parquet
      hash: md5
      md5: 0854162a108211f4af074b65a8e8ddaa
      size: 78007629
    outs:
    - path: stats.duckdb
      hash: md5
      md5: 59d6961bed0bbe6c0822c4999a29cb09
      size: 2895872
  split-random:
    cmd: python ../../../scripts/split.py random.toml
    deps:
    - path: ../ratings.duckdb
      hash: md5
      md5: 1a8b11ed426f9ff718074d7ce44e3dcd
      size: 120598528
    - path: random.toml
      hash: md5
      md5: 276ffa520abcf2243c9ffee115774a98
      size: 137
    params:
      ../../../config.toml:
        random.seed: 20240717
    outs:
    - path: random.duckdb
      hash: md5
      md5: d83f0fda3e9a4b241b8b9293f2319bca
      size: 1323008
