schema: '2.0'
stages:
  import-data:
    cmd: python ../import-ml.py ml-20m.zip
    deps:
    - path: ../import-ml.py
      hash: md5
      md5: 4af94250c13bdd7beff8235e442549c6
      size: 3732
    - path: ml-20m.zip
      hash: md5
      md5: cd245b17a1ae2cc31bb14903e1204af3
      size: 198702078
    outs:
    - path: ratings.duckdb
      hash: md5
      md5: f056b72df139341f2d451e69f4624ea9
      size: 190328832
  import-ml-20m:
    cmd: python ../import-ml.py ml-20m.zip
    deps:
    - path: ../import-ml.py
      hash: md5
      md5: e4e7da8503eb71557becfc17dbf9dc48
      size: 3495
    - path: ml-20m.zip
      hash: md5
      md5: cd245b17a1ae2cc31bb14903e1204af3
      size: 198702078
    outs:
    - path: ratings.parquet
      hash: md5
      md5: 0dc579f176e5f798b67fda4ee0873b27
      size: 165821204
  ml-20m-stats:
    cmd: python ../../scripts/duckdb-sql.py -d stats.duckdb ../ml-stats.sql
    deps:
    - path: ../ml-stats.sql
      hash: md5
      md5: bf09f212fabc98275ae949932889654c
      size: 1374
    - path: ratings.parquet
      hash: md5
      md5: 0dc579f176e5f798b67fda4ee0873b27
      size: 165821204
    outs:
    - path: stats.duckdb
      hash: md5
      md5: cc596bebeb0b9d8738a06ad937166ce6
      size: 4468736
